
Microsoft Visual Studio Solution File, Format Version 12.00
# Visual Studio 15
VisualStudioVersion = 15.0.26730.15
MinimumVisualStudioVersion = 10.0.40219.1
Project("{FAE04EC0-301F-11D3-BF4B-00C04F79EFBC}") = "CacheImplementation", "CacheImplementation\CacheImplementation.csproj", "{F59F438D-672D-4C9E-B882-3CDF928F2A75}"
EndProject
Global
	GlobalSection(SolutionConfigurationPlatforms) = preSolution
		Debug|Any CPU = Debug|Any CPU
		Release|Any CPU = Release|Any CPU
	EndGlobalSection
	GlobalSection(ProjectConfigurationPlatforms) = postSolution
		{F59F438D-672D-4C9E-B882-3CDF928F2A75}.Debug|Any CPU.ActiveCfg = Debug|Any CPU
		{F59F438D-672D-4C9E-B882-3CDF928F2A75}.Debug|Any CPU.Build.0 = Debug|Any CPU
		{F59F438D-672D-4C9E-B882-3CDF928F2A75}.Release|Any CPU.ActiveCfg = Release|Any CPU
		{F59F438D-672D-4C9E-B882-3CDF928F2A75}.Release|Any CPU.Build.0 = Release|Any CPU
	EndGlobalSection
	GlobalSection(SolutionProperties) = preSolution
		HideSolutionNode = FALSE
	EndGlobalSection
	GlobalSection(ExtensibilityGlobals) = postSolution
		SolutionGuid = {D158BF0F-3D16-491F-A86C-8B61FD4E90AE}
	EndGlobalSection
EndGlobal
